Microsoft Visual Studio Solution File, Format Version 12.00
# Visual Studio Version 17
VisualStudioVersion = 17.5.2.0
MinimumVisualStudioVersion = 10.0.40219.1
Project("{2150E333-8FDC-42A3-9474-1A3956D46DE8}") = "API", "API", "{D82C56D6-B2CD-F611-9E31-04638F7EC30E}"
EndProject
Project("{FAE04EC0-301F-11D3-BF4B-00C04F79EFBC}") = "MotoDataLoggerAPI", "API\MotoDataLoggerAPI\MotoDataLoggerAPI.csproj", "{FE4DF485-1615-2454-0578-04C68223F2CC}"
EndProject
Project("{FAE04EC0-301F-11D3-BF4B-00C04F79EFBC}") = "MotoDataLoggerAPI.Tests", "API\MotoDataLoggerAPI.Tests\MotoDataLoggerAPI.Tests.csproj", "{6F136125-DD40-0C92-0ADC-E9060B588ADA}"
EndProject
Global
	GlobalSection(SolutionConfigurationPlatforms) = preSolution
		Debug|Any CPU = Debug|Any CPU
		Release|Any CPU = Release|Any CPU
	EndGlobalSection
	GlobalSection(ProjectConfigurationPlatforms) = postSolution
		{FE4DF485-1615-2454-0578-04C68223F2CC}.Debug|Any CPU.ActiveCfg = Debug|Any CPU
		{FE4DF485-1615-2454-0578-04C68223F2CC}.Debug|Any CPU.Build.0 = Debug|Any CPU
		{FE4DF485-1615-2454-0578-04C68223F2CC}.Release|Any CPU.ActiveCfg = Release|Any CPU
		{FE4DF485-1615-2454-0578-04C68223F2CC}.Release|Any CPU.Build.0 = Release|Any CPU
		{6F136125-DD40-0C92-0ADC-E9060B588ADA}.Debug|Any CPU.ActiveCfg = Debug|Any CPU
		{6F136125-DD40-0C92-0ADC-E9060B588ADA}.Debug|Any CPU.Build.0 = Debug|Any CPU
		{6F136125-DD40-0C92-0ADC-E9060B588ADA}.Release|Any CPU.ActiveCfg = Release|Any CPU
		{6F136125-DD40-0C92-0ADC-E9060B588ADA}.Release|Any CPU.Build.0 = Release|Any CPU
	EndGlobalSection
	GlobalSection(SolutionProperties) = preSolution
		HideSolutionNode = FALSE
	EndGlobalSection
	GlobalSection(NestedProjects) = preSolution
		{FE4DF485-1615-2454-0578-04C68223F2CC} = {D82C56D6-B2CD-F611-9E31-04638F7EC30E}
		{6F136125-DD40-0C92-0ADC-E9060B588ADA} = {D82C56D6-B2CD-F611-9E31-04638F7EC30E}
	EndGlobalSection
	GlobalSection(ExtensibilityGlobals) = postSolution
		SolutionGuid = {7C27C348-76BD-4EF4-9B93-5A84492C3BF9}
	EndGlobalSection
EndGlobal
